
Microsoft Visual Studio Solution File, Format Version 12.00
# Visual Studio 14
VisualStudioVersion = 14.0.24720.0
MinimumVisualStudioVersion = 10.0.40219.1
Project("{FAE04EC0-301F-11D3-BF4B-00C04F79EFBC}") = "Carrick.Data", "Carrick.Data\Carrick.Data.csproj", "{B6BCE6F5-8BBA-42E4-971B-01D42A0ECFCD}"
EndProject
Project("{FAE04EC0-301F-11D3-BF4B-00C04F79EFBC}") = "Carrick.Web", "Carrick.Web\Carrick.Web.csproj", "{4FE11666-99F1-4424-AAEB-34E0CEB9DF15}"
EndProject
Project("{FAE04EC0-301F-11D3-BF4B-00C04F79EFBC}") = "Carrick.BusinessLogic", "Carrick.BusinessLogic\Carrick.BusinessLogic.csproj", "{B88DF5AA-AD6A-493E-986F-62BF41DEE512}"
EndProject
Project("{FAE04EC0-301F-11D3-BF4B-00C04F79EFBC}") = "CarrickMobile.Portable", "Carrick.DataModelPortable\CarrickMobile.Portable.csproj", "{2CA11240-74BA-4E83-850B-6CCE2A9BC086}"
EndProject
Project("{F184B08F-C81C-45F6-A57F-5ABD9991F28F}") = "CarrickMobile.SignIn", "CarrickMobile.SignIn\CarrickMobile.SignIn.vbproj", "{9072672C-417E-4344-8B99-1FFF6052D9FE}"
EndProject
Project("{FAE04EC0-301F-11D3-BF4B-00C04F79EFBC}") = "ScoutModel.TestConsole", "CarrickModel.TestConsole\ScoutModel.TestConsole.csproj", "{6D03A2EB-3A7C-4840-8E6B-B91FF2B459B9}"
EndProject
Global
	GlobalSection(SolutionConfigurationPlatforms) = preSolution
		Debug|Any CPU = Debug|Any CPU
		Debug|ARM = Debug|ARM
		Debug|x64 = Debug|x64
		Debug|x86 = Debug|x86
		Release|Any CPU = Release|Any CPU
		Release|ARM = Release|ARM
		Release|x64 = Release|x64
		Release|x86 = Release|x86
	EndGlobalSection
	GlobalSection(ProjectConfigurationPlatforms) = postSolution
		{B6BCE6F5-8BBA-42E4-971B-01D42A0ECFCD}.Debug|Any CPU.ActiveCfg = Debug|Any CPU
		{B6BCE6F5-8BBA-42E4-971B-01D42A0ECFCD}.Debug|Any CPU.Build.0 = Debug|Any CPU
		{B6BCE6F5-8BBA-42E4-971B-01D42A0ECFCD}.Debug|ARM.ActiveCfg = Debug|Any CPU
		{B6BCE6F5-8BBA-42E4-971B-01D42A0ECFCD}.Debug|ARM.Build.0 = Debug|Any CPU
		{B6BCE6F5-8BBA-42E4-971B-01D42A0ECFCD}.Debug|x64.ActiveCfg = Debug|Any CPU
		{B6BCE6F5-8BBA-42E4-971B-01D42A0ECFCD}.Debug|x64.Build.0 = Debug|Any CPU
		{B6BCE6F5-8BBA-42E4-971B-01D42A0ECFCD}.Debug|x86.ActiveCfg = Debug|Any CPU
		{B6BCE6F5-8BBA-42E4-971B-01D42A0ECFCD}.Debug|x86.Build.0 = Debug|Any CPU
		{B6BCE6F5-8BBA-42E4-971B-01D42A0ECFCD}.Release|Any CPU.ActiveCfg = Release|Any CPU
		{B6BCE6F5-8BBA-42E4-971B-01D42A0ECFCD}.Release|Any CPU.Build.0 = Release|Any CPU
		{B6BCE6F5-8BBA-42E4-971B-01D42A0ECFCD}.Release|ARM.ActiveCfg = Release|Any CPU
		{B6BCE6F5-8BBA-42E4-971B-01D42A0ECFCD}.Release|ARM.Build.0 = Release|Any CPU
		{B6BCE6F5-8BBA-42E4-971B-01D42A0ECFCD}.Release|x64.ActiveCfg = Release|Any CPU
		{B6BCE6F5-8BBA-42E4-971B-01D42A0ECFCD}.Release|x64.Build.0 = Release|Any CPU
		{B6BCE6F5-8BBA-42E4-971B-01D42A0ECFCD}.Release|x86.ActiveCfg = Release|Any CPU
		{B6BCE6F5-8BBA-42E4-971B-01D42A0ECFCD}.Release|x86.Build.0 = Release|Any CPU
		{4FE11666-99F1-4424-AAEB-34E0CEB9DF15}.Debug|Any CPU.ActiveCfg = Debug|Any CPU
		{4FE11666-99F1-4424-AAEB-34E0CEB9DF15}.Debug|Any CPU.Build.0 = Debug|Any CPU
		{4FE11666-99F1-4424-AAEB-34E0CEB9DF15}.Debug|ARM.ActiveCfg = Debug|Any CPU
		{4FE11666-99F1-4424-AAEB-34E0CEB9DF15}.Debug|ARM.Build.0 = Debug|Any CPU
		{4FE11666-99F1-4424-AAEB-34E0CEB9DF15}.Debug|x64.ActiveCfg = Debug|Any CPU
		{4FE11666-99F1-4424-AAEB-34E0CEB9DF15}.Debug|x64.Build.0 = Debug|Any CPU
		{4FE11666-99F1-4424-AAEB-34E0CEB9DF15}.Debug|x86.ActiveCfg = Debug|Any CPU
		{4FE11666-99F1-4424-AAEB-34E0CEB9DF15}.Debug|x86.Build.0 = Debug|Any CPU
		{4FE11666-99F1-4424-AAEB-34E0CEB9DF15}.Release|Any CPU.ActiveCfg = Release|Any CPU
		{4FE11666-99F1-4424-AAEB-34E0CEB9DF15}.Release|Any CPU.Build.0 = Release|Any CPU
		{4FE11666-99F1-4424-AAEB-34E0CEB9DF15}.Release|ARM.ActiveCfg = Release|Any CPU
		{4FE11666-99F1-4424-AAEB-34E0CEB9DF15}.Release|ARM.Build.0 = Release|Any CPU
		{4FE11666-99F1-4424-AAEB-34E0CEB9DF15}.Release|x64.ActiveCfg = Release|Any CPU
		{4FE11666-99F1-4424-AAEB-34E0CEB9DF15}.Release|x64.Build.0 = Release|Any CPU
		{4FE11666-99F1-4424-AAEB-34E0CEB9DF15}.Release|x86.ActiveCfg = Release|Any CPU
		{4FE11666-99F1-4424-AAEB-34E0CEB9DF15}.Release|x86.Build.0 = Release|Any CPU
		{B88DF5AA-AD6A-493E-986F-62BF41DEE512}.Debug|Any CPU.ActiveCfg = Debug|Any CPU
		{B88DF5AA-AD6A-493E-986F-62BF41DEE512}.Debug|Any CPU.Build.0 = Debug|Any CPU
		{B88DF5AA-AD6A-493E-986F-62BF41DEE512}.Debug|ARM.ActiveCfg = Debug|Any CPU
		{B88DF5AA-AD6A-493E-986F-62BF41DEE512}.Debug|ARM.Build.0 = Debug|Any CPU
		{B88DF5AA-AD6A-493E-986F-62BF41DEE512}.Debug|x64.ActiveCfg = Debug|Any CPU
		{B88DF5AA-AD6A-493E-986F-62BF41DEE512}.Debug|x64.Build.0 = Debug|Any CPU
		{B88DF5AA-AD6A-493E-986F-62BF41DEE512}.Debug|x86.ActiveCfg = Debug|Any CPU
		{B88DF5AA-AD6A-493E-986F-62BF41DEE512}.Debug|x86.Build.0 = Debug|Any CPU
		{B88DF5AA-AD6A-493E-986F-62BF41DEE512}.Release|Any CPU.ActiveCfg = Release|Any CPU
		{B88DF5AA-AD6A-493E-986F-62BF41DEE512}.Release|Any CPU.Build.0 = Release|Any CPU
		{B88DF5AA-AD6A-493E-986F-62BF41DEE512}.Release|ARM.ActiveCfg = Release|Any CPU
		{B88DF5AA-AD6A-493E-986F-62BF41DEE512}.Release|ARM.Build.0 = Release|Any CPU
		{B88DF5AA-AD6A-493E-986F-62BF41DEE512}.Release|x64.ActiveCfg = Release|Any CPU
		{B88DF5AA-AD6A-493E-986F-62BF41DEE512}.Release|x64.Build.0 = Release|Any CPU
		{B88DF5AA-AD6A-493E-986F-62BF41DEE512}.Release|x86.ActiveCfg = Release|Any CPU
		{B88DF5AA-AD6A-493E-986F-62BF41DEE512}.Release|x86.Build.0 = Release|Any CPU
		{2CA11240-74BA-4E83-850B-6CCE2A9BC086}.Debug|Any CPU.ActiveCfg = Debug|Any CPU
		{2CA11240-74BA-4E83-850B-6CCE2A9BC086}.Debug|Any CPU.Build.0 = Debug|Any CPU
		{2CA11240-74BA-4E83-850B-6CCE2A9BC086}.Debug|ARM.ActiveCfg = Debug|ARM
		{2CA11240-74BA-4E83-850B-6CCE2A9BC086}.Debug|ARM.Build.0 = Debug|ARM
		{2CA11240-74BA-4E83-850B-6CCE2A9BC086}.Debug|x64.ActiveCfg = Debug|x64
		{2CA11240-74BA-4E83-850B-6CCE2A9BC086}.Debug|x64.Build.0 = Debug|x64
		{2CA11240-74BA-4E83-850B-6CCE2A9BC086}.Debug|x86.ActiveCfg = Debug|x86
		{2CA11240-74BA-4E83-850B-6CCE2A9BC086}.Debug|x86.Build.0 = Debug|x86
		{2CA11240-74BA-4E83-850B-6CCE2A9BC086}.Release|Any CPU.ActiveCfg = Release|Any CPU
		{2CA11240-74BA-4E83-850B-6CCE2A9BC086}.Release|Any CPU.Build.0 = Release|Any CPU
		{2CA11240-74BA-4E83-850B-6CCE2A9BC086}.Release|ARM.ActiveCfg = Release|ARM
		{2CA11240-74BA-4E83-850B-6CCE2A9BC086}.Release|ARM.Build.0 = Release|ARM
		{2CA11240-74BA-4E83-850B-6CCE2A9BC086}.Release|x64.ActiveCfg = Release|x64
		{2CA11240-74BA-4E83-850B-6CCE2A9BC086}.Release|x64.Build.0 = Release|x64
		{2CA11240-74BA-4E83-850B-6CCE2A9BC086}.Release|x86.ActiveCfg = Release|x86
		{2CA11240-74BA-4E83-850B-6CCE2A9BC086}.Release|x86.Build.0 = Release|x86
		{9072672C-417E-4344-8B99-1FFF6052D9FE}.Debug|Any CPU.ActiveCfg = Debug|Any CPU
		{9072672C-417E-4344-8B99-1FFF6052D9FE}.Debug|Any CPU.Build.0 = Debug|Any CPU
		{9072672C-417E-4344-8B99-1FFF6052D9FE}.Debug|ARM.ActiveCfg = Debug|Any CPU
		{9072672C-417E-4344-8B99-1FFF6052D9FE}.Debug|ARM.Build.0 = Debug|Any CPU
		{9072672C-417E-4344-8B99-1FFF6052D9FE}.Debug|x64.ActiveCfg = Debug|Any CPU
		{9072672C-417E-4344-8B99-1FFF6052D9FE}.Debug|x64.Build.0 = Debug|Any CPU
		{9072672C-417E-4344-8B99-1FFF6052D9FE}.Debug|x86.ActiveCfg = Debug|Any CPU
		{9072672C-417E-4344-8B99-1FFF6052D9FE}.Debug|x86.Build.0 = Debug|Any CPU
		{9072672C-417E-4344-8B99-1FFF6052D9FE}.Release|Any CPU.ActiveCfg = Release|Any CPU
		{9072672C-417E-4344-8B99-1FFF6052D9FE}.Release|Any CPU.Build.0 = Release|Any CPU
		{9072672C-417E-4344-8B99-1FFF6052D9FE}.Release|ARM.ActiveCfg = Release|Any CPU
		{9072672C-417E-4344-8B99-1FFF6052D9FE}.Release|ARM.Build.0 = Release|Any CPU
		{9072672C-417E-4344-8B99-1FFF6052D9FE}.Release|x64.ActiveCfg = Release|Any CPU
		{9072672C-417E-4344-8B99-1FFF6052D9FE}.Release|x64.Build.0 = Release|Any CPU
		{9072672C-417E-4344-8B99-1FFF6052D9FE}.Release|x86.ActiveCfg = Release|Any CPU
		{9072672C-417E-4344-8B99-1FFF6052D9FE}.Release|x86.Build.0 = Release|Any CPU
		{6D03A2EB-3A7C-4840-8E6B-B91FF2B459B9}.Debug|Any CPU.ActiveCfg = Debug|Any CPU
		{6D03A2EB-3A7C-4840-8E6B-B91FF2B459B9}.Debug|Any CPU.Build.0 = Debug|Any CPU
		{6D03A2EB-3A7C-4840-8E6B-B91FF2B459B9}.Debug|ARM.ActiveCfg = Debug|Any CPU
		{6D03A2EB-3A7C-4840-8E6B-B91FF2B459B9}.Debug|ARM.Build.0 = Debug|Any CPU
		{6D03A2EB-3A7C-4840-8E6B-B91FF2B459B9}.Debug|x64.ActiveCfg = Debug|x64
		{6D03A2EB-3A7C-4840-8E6B-B91FF2B459B9}.Debug|x64.Build.0 = Debug|x64
		{6D03A2EB-3A7C-4840-8E6B-B91FF2B459B9}.Debug|x86.ActiveCfg = Debug|x86
		{6D03A2EB-3A7C-4840-8E6B-B91FF2B459B9}.Debug|x86.Build.0 = Debug|x86
		{6D03A2EB-3A7C-4840-8E6B-B91FF2B459B9}.Release|Any CPU.ActiveCfg = Release|Any CPU
		{6D03A2EB-3A7C-4840-8E6B-B91FF2B459B9}.Release|Any CPU.Build.0 = Release|Any CPU
		{6D03A2EB-3A7C-4840-8E6B-B91FF2B459B9}.Release|ARM.ActiveCfg = Release|Any CPU
		{6D03A2EB-3A7C-4840-8E6B-B91FF2B459B9}.Release|ARM.Build.0 = Release|Any CPU
		{6D03A2EB-3A7C-4840-8E6B-B91FF2B459B9}.Release|x64.ActiveCfg = Release|x64
		{6D03A2EB-3A7C-4840-8E6B-B91FF2B459B9}.Release|x64.Build.0 = Release|x64
		{6D03A2EB-3A7C-4840-8E6B-B91FF2B459B9}.Release|x86.ActiveCfg = Release|x86
		{6D03A2EB-3A7C-4840-8E6B-B91FF2B459B9}.Release|x86.Build.0 = Release|x86
	EndGlobalSection
	GlobalSection(SolutionProperties) = preSolution
		HideSolutionNode = FALSE
	EndGlobalSection
EndGlobal
