
Microsoft Visual Studio Solution File, Format Version 12.00
# Visual Studio 14
VisualStudioVersion = 14.0.24720.0
MinimumVisualStudioVersion = 10.0.40219.1
Project("{FAE04EC0-301F-11D3-BF4B-00C04F79EFBC}") = "Carrick.Data", "Carrick.Data\Carrick.Data.csproj", "{B6BCE6F5-8BBA-42E4-971B-01D42A0ECFCD}"
EndProject
Project("{FAE04EC0-301F-11D3-BF4B-00C04F79EFBC}") = "Carrick.Web", "Carrick.Web\Carrick.Web.csproj", "{4FE11666-99F1-4424-AAEB-34E0CEB9DF15}"
EndProject
Global
	GlobalSection(SolutionConfigurationPlatforms) = preSolution
		Debug|Any CPU = Debug|Any CPU
		Release|Any CPU = Release|Any CPU
	EndGlobalSection
	GlobalSection(ProjectConfigurationPlatforms) = postSolution
		{B6BCE6F5-8BBA-42E4-971B-01D42A0ECFCD}.Debug|Any CPU.ActiveCfg = Debug|Any CPU
		{B6BCE6F5-8BBA-42E4-971B-01D42A0ECFCD}.Debug|Any CPU.Build.0 = Debug|Any CPU
		{B6BCE6F5-8BBA-42E4-971B-01D42A0ECFCD}.Release|Any CPU.ActiveCfg = Release|Any CPU
		{B6BCE6F5-8BBA-42E4-971B-01D42A0ECFCD}.Release|Any CPU.Build.0 = Release|Any CPU
		{4FE11666-99F1-4424-AAEB-34E0CEB9DF15}.Debug|Any CPU.ActiveCfg = Debug|Any CPU
		{4FE11666-99F1-4424-AAEB-34E0CEB9DF15}.Debug|Any CPU.Build.0 = Debug|Any CPU
		{4FE11666-99F1-4424-AAEB-34E0CEB9DF15}.Release|Any CPU.ActiveCfg = Release|Any CPU
		{4FE11666-99F1-4424-AAEB-34E0CEB9DF15}.Release|Any CPU.Build.0 = Release|Any CPU
	EndGlobalSection
	GlobalSection(SolutionProperties) = preSolution
		HideSolutionNode = FALSE
	EndGlobalSection
EndGlobal
